PODS:
  - LTMarkdownParser (1.0.8)
  - RichTextVC-iOS (2.0.0)

DEPENDENCIES:
  - LTMarkdownParser (from `../`)
  - RichTextVC-iOS

EXTERNAL SOURCES:
  LTMarkdownParser:
    :path: "../"

SPEC CHECKSUMS:
  LTMarkdownParser: 739a8042a9e434991caa0f14ca8b66e467a82588
  RichTextVC-iOS: e01d73f3d77499490bf6bb1956115182ce6a49b9

PODFILE CHECKSUM: 831d6233cde0426d0527ba703096884786b45790

COCOAPODS: 1.1.1
