PODS:
  - LTMarkdownParser (1.0.0)
  - RichTextVC-iOS (1.1.1)

DEPENDENCIES:
  - LTMarkdownParser (from `../`)
  - RichTextVC-iOS

EXTERNAL SOURCES:
  LTMarkdownParser:
    :path: ../

SPEC CHECKSUMS:
  LTMarkdownParser: df59b163c48ae2b8fb38ce486df6efd6cee875db
  RichTextVC-iOS: ebddd79f65d54547d589aa27465305c3f73fac98

COCOAPODS: 0.39.0
