PODS:
  - RichTextVC-iOS (1.1.1)
  - TSSwiftMarkdownParser (0.3.1)

DEPENDENCIES:
  - RichTextVC-iOS
  - TSSwiftMarkdownParser (from `../`)

EXTERNAL SOURCES:
  TSSwiftMarkdownParser:
    :path: ../

SPEC CHECKSUMS:
  RichTextVC-iOS: ebddd79f65d54547d589aa27465305c3f73fac98
  TSSwiftMarkdownParser: 2677808f9f912b5315de2d570f50b34bb224aa5d

COCOAPODS: 0.39.0
