// !$*UTF8*$!
{
	archiveVersion = 1;
	classes = {
	};
	objectVersion = 46;
	objects = {

/* Begin PBXBuildFile section */
		25989C7F47D723B68F8645A0 /* Pods_LTMarkdownParser_ExampleAbstract_LTMarkdownParser_Tests.framework in Frameworks */ = {isa = PBXBuildFile; fileRef = 749E0C8CB93A5F31BB7A49C6 /* Pods_LTMarkdownParser_ExampleAbstract_LTMarkdownParser_Tests.framework */; };
		4ABAB3B89191AAF04D0A2D59 /* Pods_LTMarkdownParser_ExampleAbstract_LTMarkdownParser_Example.framework in Frameworks */ = {isa = PBXBuildFile; fileRef = F6F4B9FF4A8D2314B6384123 /* Pods_LTMarkdownParser_ExampleAbstract_LTMarkdownParser_Example.framework */; };
		590B8BD21CA5A10F00890A98 /* LTMarkdownParserTests.swift in Sources */ = {isa = PBXBuildFile; fileRef = 590B8BD11CA5A10F00890A98 /* LTMarkdownParserTests.swift */; };
		590E00B41CA9C3950069EEA5 /* markdown.png in Resources */ = {isa = PBXBuildFile; fileRef = 590E00B31CA9C3950069EEA5 /* markdown.png */; };
		590E00B51CA9C3950069EEA5 /* markdown.png in Resources */ = {isa = PBXBuildFile; fileRef = 590E00B31CA9C3950069EEA5 /* markdown.png */; };
		590E00B71CA9C39E0069EEA5 /* markdown_test_image.png in Resources */ = {isa = PBXBuildFile; fileRef = 590E00B61CA9C39E0069EEA5 /* markdown_test_image.png */; };
		590E00B81CA9C39E0069EEA5 /* markdown_test_image.png in Resources */ = {isa = PBXBuildFile; fileRef = 590E00B61CA9C39E0069EEA5 /* markdown_test_image.png */; };
		595B67441CD3C081003ED656 /* Default-568h@2x.png in Resources */ = {isa = PBXBuildFile; fileRef = 595B67431CD3C081003ED656 /* Default-568h@2x.png */; };
		595B67461CD3C0FD003ED656 /* LTMarkdownParser.framework in Frameworks */ = {isa = PBXBuildFile; fileRef = 595B67451CD3C0FD003ED656 /* LTMarkdownParser.framework */; };
		5961EE0D1CD3C01E00056ADB /* AppDelegate.swift in Sources */ = {isa = PBXBuildFile; fileRef = 5961EE0A1CD3C01E00056ADB /* AppDelegate.swift */; };
		5961EE0E1CD3C01E00056ADB /* Images.xcassets in Resources */ = {isa = PBXBuildFile; fileRef = 5961EE0B1CD3C01E00056ADB /* Images.xcassets */; };
		5961EE0F1CD3C01E00056ADB /* TextViewController.swift in Sources */ = {isa = PBXBuildFile; fileRef = 5961EE0C1CD3C01E00056ADB /* TextViewController.swift */; };
		59BE00F91CBEDBCF0053D12D /* NSAttributedString+MarkdownTests.swift in Sources */ = {isa = PBXBuildFile; fileRef = 59BE00F71CBEDBBE0053D12D /* NSAttributedString+MarkdownTests.swift */; };
		607FACDB1AFB9204008FA782 /* Main.storyboard in Resources */ = {isa = PBXBuildFile; fileRef = 607FACD91AFB9204008FA782 /* Main.storyboard */; };
		607FACE01AFB9204008FA782 /* LaunchScreen.xib in Resources */ = {isa = PBXBuildFile; fileRef = 607FACDE1AFB9204008FA782 /* LaunchScreen.xib */; };
/* End PBXBuildFile section */

/* Begin PBXContainerItemProxy section */
		607FACE61AFB9204008FA782 /* PBXContainerItemProxy */ = {
			isa = PBXContainerItemProxy;
			containerPortal = 607FACC81AFB9204008FA782 /* Project object */;
			proxyType = 1;
			remoteGlobalIDString = 607FACCF1AFB9204008FA782;
			remoteInfo = LTMarkdownParser;
		};
/* End PBXContainerItemProxy section */

/* Begin PBXFileReference section */
		47CE1C2E5460FC64E22F023D /* LICENSE */ = {isa = PBXFileReference; includeInIndex = 1; lastKnownFileType = text; name = LICENSE; path = ../LICENSE; sourceTree = "<group>"; };
		590B8BD11CA5A10F00890A98 /* LTMarkdownParserTests.swift */ = {isa = PBXFileReference; fileEncoding = 4; lastKnownFileType = sourcecode.swift; path = LTMarkdownParserTests.swift; sourceTree = "<group>"; };
		590E00B31CA9C3950069EEA5 /* markdown.png */ = {isa = PBXFileReference; lastKnownFileType = image.png; path = markdown.png; sourceTree = "<group>"; };
		590E00B61CA9C39E0069EEA5 /* markdown_test_image.png */ = {isa = PBXFileReference; lastKnownFileType = image.png; path = markdown_test_image.png; sourceTree = "<group>"; };
		595B67431CD3C081003ED656 /* Default-568h@2x.png */ = {isa = PBXFileReference; lastKnownFileType = image.png; path = "Default-568h@2x.png"; sourceTree = "<group>"; };
		595B67451CD3C0FD003ED656 /* LTMarkdownParser.framework */ = {isa = PBXFileReference; lastKnownFileType = wrapper.framework; name = LTMarkdownParser.framework; path = "../../../../Library/Developer/Xcode/DerivedData/LTMarkdownParser-ccvmnakddvonifgjcepjmuxfsfvl/Build/Products/Debug-iphoneos/LTMarkdownParser.framework"; sourceTree = "<group>"; };
		5961EE0A1CD3C01E00056ADB /* AppDelegate.swift */ = {isa = PBXFileReference; fileEncoding = 4; lastKnownFileType = sourcecode.swift; name = AppDelegate.swift; path = LTMarkdownParser/AppDelegate.swift; sourceTree = SOURCE_ROOT; };
		5961EE0B1CD3C01E00056ADB /* Images.xcassets */ = {isa = PBXFileReference; lastKnownFileType = folder.assetcatalog; name = Images.xcassets; path = LTMarkdownParser/Images.xcassets; sourceTree = SOURCE_ROOT; };
		5961EE0C1CD3C01E00056ADB /* TextViewController.swift */ = {isa = PBXFileReference; fileEncoding = 4; lastKnownFileType = sourcecode.swift; name = TextViewController.swift; path = LTMarkdownParser/TextViewController.swift; sourceTree = SOURCE_ROOT; };
		598875761CBEDA31006EE226 /* LTMarkdownParser.framework */ = {isa = PBXFileReference; lastKnownFileType = wrapper.framework; name = LTMarkdownParser.framework; path = "../../../../Library/Developer/Xcode/DerivedData/LTMarkdownParser-eckkmtfcyijkwefegikmvpjwktsn/Build/Products/Debug-iphonesimulator/LTMarkdownParser.framework"; sourceTree = "<group>"; };
		59BE00F71CBEDBBE0053D12D /* NSAttributedString+MarkdownTests.swift */ = {isa = PBXFileReference; fileEncoding = 4; lastKnownFileType = sourcecode.swift; path = "NSAttributedString+MarkdownTests.swift"; sourceTree = "<group>"; };
		607FACD01AFB9204008FA782 /* LTMarkdownParser_Example.app */ = {isa = PBXFileReference; explicitFileType = wrapper.application; includeInIndex = 0; path = LTMarkdownParser_Example.app; sourceTree = BUILT_PRODUCTS_DIR; };
		607FACD41AFB9204008FA782 /* Info.plist */ = {isa = PBXFileReference; lastKnownFileType = text.plist.xml; path = Info.plist; sourceTree = "<group>"; };
		607FACDA1AFB9204008FA782 /* Base */ = {isa = PBXFileReference; lastKnownFileType = file.storyboard; name = Base; path = Base.lproj/Main.storyboard; sourceTree = "<group>"; };
		607FACDF1AFB9204008FA782 /* Base */ = {isa = PBXFileReference; lastKnownFileType = file.xib; name = Base; path = Base.lproj/LaunchScreen.xib; sourceTree = "<group>"; };
		607FACE51AFB9204008FA782 /* LTMarkdownParser_Tests.xctest */ = {isa = PBXFileReference; explicitFileType = wrapper.cfbundle; includeInIndex = 0; path = LTMarkdownParser_Tests.xctest; sourceTree = BUILT_PRODUCTS_DIR; };
		607FACEA1AFB9204008FA782 /* Info.plist */ = {isa = PBXFileReference; lastKnownFileType = text.plist.xml; path = Info.plist; sourceTree = "<group>"; };
		749E0C8CB93A5F31BB7A49C6 /* Pods_LTMarkdownParser_ExampleAbstract_LTMarkdownParser_Tests.framework */ = {isa = PBXFileReference; explicitFileType = wrapper.framework; includeInIndex = 0; path = Pods_LTMarkdownParser_ExampleAbstract_LTMarkdownParser_Tests.framework; sourceTree = BUILT_PRODUCTS_DIR; };
		91A021B07B89692143E65886 /* README.md */ = {isa = PBXFileReference; includeInIndex = 1; lastKnownFileType = net.daringfireball.markdown; name = README.md; path = ../README.md; sourceTree = "<group>"; };
		9F39E569853E11CC764AEAB7 /* Pods-LTMarkdownParser_ExampleAbstract-LTMarkdownParser_Tests.release.xcconfig */ = {isa = PBXFileReference; includeInIndex = 1; lastKnownFileType = text.xcconfig; name = "Pods-LTMarkdownParser_ExampleAbstract-LTMarkdownParser_Tests.release.xcconfig"; path = "Pods/Target Support Files/Pods-LTMarkdownParser_ExampleAbstract-LTMarkdownParser_Tests/Pods-LTMarkdownParser_ExampleAbstract-LTMarkdownParser_Tests.release.xcconfig"; sourceTree = "<group>"; };
		A22A2DAF5EBD6D2D21F42F50 /* Pods-LTMarkdownParser_ExampleAbstract-LTMarkdownParser_Example.debug.xcconfig */ = {isa = PBXFileReference; includeInIndex = 1; lastKnownFileType = text.xcconfig; name = "Pods-LTMarkdownParser_ExampleAbstract-LTMarkdownParser_Example.debug.xcconfig"; path = "Pods/Target Support Files/Pods-LTMarkdownParser_ExampleAbstract-LTMarkdownParser_Example/Pods-LTMarkdownParser_ExampleAbstract-LTMarkdownParser_Example.debug.xcconfig"; sourceTree = "<group>"; };
		C3E15AC3A7324500C788CEFA /* Pods-LTMarkdownParser_ExampleAbstract-LTMarkdownParser_Example.release.xcconfig */ = {isa = PBXFileReference; includeInIndex = 1; lastKnownFileType = text.xcconfig; name = "Pods-LTMarkdownParser_ExampleAbstract-LTMarkdownParser_Example.release.xcconfig"; path = "Pods/Target Support Files/Pods-LTMarkdownParser_ExampleAbstract-LTMarkdownParser_Example/Pods-LTMarkdownParser_ExampleAbstract-LTMarkdownParser_Example.release.xcconfig"; sourceTree = "<group>"; };
		CBE65C1B9B8D8DA490310D7F /* Pods-LTMarkdownParser_ExampleAbstract-LTMarkdownParser_Tests.debug.xcconfig */ = {isa = PBXFileReference; includeInIndex = 1; lastKnownFileType = text.xcconfig; name = "Pods-LTMarkdownParser_ExampleAbstract-LTMarkdownParser_Tests.debug.xcconfig"; path = "Pods/Target Support Files/Pods-LTMarkdownParser_ExampleAbstract-LTMarkdownParser_Tests/Pods-LTMarkdownParser_ExampleAbstract-LTMarkdownParser_Tests.debug.xcconfig"; sourceTree = "<group>"; };
		D1D2DCA1B1374A026A68465C /* LTMarkdownParser.podspec */ = {isa = PBXFileReference; includeInIndex = 1; lastKnownFileType = text; name = LTMarkdownParser.podspec; path = ../LTMarkdownParser.podspec; sourceTree = "<group>"; };
		F6F4B9FF4A8D2314B6384123 /* Pods_LTMarkdownParser_ExampleAbstract_LTMarkdownParser_Example.framework */ = {isa = PBXFileReference; explicitFileType = wrapper.framework; includeInIndex = 0; path = Pods_LTMarkdownParser_ExampleAbstract_LTMarkdownParser_Example.framework; sourceTree = BUILT_PRODUCTS_DIR; };
/* End PBXFileReference section */

/* Begin PBXFrameworksBuildPhase section */
		607FACCD1AFB9204008FA782 /* Frameworks */ = {
			isa = PBXFrameworksBuildPhase;
			buildActionMask = 2147483647;
			files = (
				595B67461CD3C0FD003ED656 /* LTMarkdownParser.framework in Frameworks */,
				4ABAB3B89191AAF04D0A2D59 /* Pods_LTMarkdownParser_ExampleAbstract_LTMarkdownParser_Example.framework in Frameworks */,
			);
			runOnlyForDeploymentPostprocessing = 0;
		};
		607FACE21AFB9204008FA782 /* Frameworks */ = {
			isa = PBXFrameworksBuildPhase;
			buildActionMask = 2147483647;
			files = (
				25989C7F47D723B68F8645A0 /* Pods_LTMarkdownParser_ExampleAbstract_LTMarkdownParser_Tests.framework in Frameworks */,
			);
			runOnlyForDeploymentPostprocessing = 0;
		};
/* End PBXFrameworksBuildPhase section */

/* Begin PBXGroup section */
		1DB3238AC229BB1AE8090399 /* Pods */ = {
			isa = PBXGroup;
			children = (
				A22A2DAF5EBD6D2D21F42F50 /* Pods-LTMarkdownParser_ExampleAbstract-LTMarkdownParser_Example.debug.xcconfig */,
				C3E15AC3A7324500C788CEFA /* Pods-LTMarkdownParser_ExampleAbstract-LTMarkdownParser_Example.release.xcconfig */,
				CBE65C1B9B8D8DA490310D7F /* Pods-LTMarkdownParser_ExampleAbstract-LTMarkdownParser_Tests.debug.xcconfig */,
				9F39E569853E11CC764AEAB7 /* Pods-LTMarkdownParser_ExampleAbstract-LTMarkdownParser_Tests.release.xcconfig */,
			);
			name = Pods;
			sourceTree = "<group>";
		};
		607FACC71AFB9204008FA782 = {
			isa = PBXGroup;
			children = (
				595B67431CD3C081003ED656 /* Default-568h@2x.png */,
				607FACD21AFB9204008FA782 /* Example */,
				6A3F42632880ADEA9AA95A03 /* Frameworks */,
				607FACF51AFB993E008FA782 /* Podspec Metadata */,
				607FACD11AFB9204008FA782 /* Products */,
				607FACE81AFB9204008FA782 /* Tests */,
				1DB3238AC229BB1AE8090399 /* Pods */,
			);
			sourceTree = "<group>";
		};
		607FACD11AFB9204008FA782 /* Products */ = {
			isa = PBXGroup;
			children = (
				607FACD01AFB9204008FA782 /* LTMarkdownParser_Example.app */,
				607FACE51AFB9204008FA782 /* LTMarkdownParser_Tests.xctest */,
			);
			name = Products;
			sourceTree = "<group>";
		};
		607FACD21AFB9204008FA782 /* Example */ = {
			isa = PBXGroup;
			children = (
				5961EE0A1CD3C01E00056ADB /* AppDelegate.swift */,
				5961EE0B1CD3C01E00056ADB /* Images.xcassets */,
				5961EE0C1CD3C01E00056ADB /* TextViewController.swift */,
				607FACD91AFB9204008FA782 /* Main.storyboard */,
				607FACDE1AFB9204008FA782 /* LaunchScreen.xib */,
				607FACD31AFB9204008FA782 /* Supporting Files */,
			);
			name = Example;
			path = LTMarkdownParser;
			sourceTree = "<group>";
		};
		607FACD31AFB9204008FA782 /* Supporting Files */ = {
			isa = PBXGroup;
			children = (
				607FACD41AFB9204008FA782 /* Info.plist */,
			);
			name = "Supporting Files";
			sourceTree = "<group>";
		};
		607FACE81AFB9204008FA782 /* Tests */ = {
			isa = PBXGroup;
			children = (
				607FACE91AFB9204008FA782 /* Supporting Files */,
				590B8BD11CA5A10F00890A98 /* LTMarkdownParserTests.swift */,
				59BE00F71CBEDBBE0053D12D /* NSAttributedString+MarkdownTests.swift */,
				590E00B61CA9C39E0069EEA5 /* markdown_test_image.png */,
				590E00B31CA9C3950069EEA5 /* markdown.png */,
			);
			path = Tests;
			sourceTree = "<group>";
		};
		607FACE91AFB9204008FA782 /* Supporting Files */ = {
			isa = PBXGroup;
			children = (
				607FACEA1AFB9204008FA782 /* Info.plist */,
			);
			name = "Supporting Files";
			sourceTree = "<group>";
		};
		607FACF51AFB993E008FA782 /* Podspec Metadata */ = {
			isa = PBXGroup;
			children = (
				D1D2DCA1B1374A026A68465C /* LTMarkdownParser.podspec */,
				91A021B07B89692143E65886 /* README.md */,
				47CE1C2E5460FC64E22F023D /* LICENSE */,
			);
			name = "Podspec Metadata";
			sourceTree = "<group>";
		};
		6A3F42632880ADEA9AA95A03 /* Frameworks */ = {
			isa = PBXGroup;
			children = (
				595B67451CD3C0FD003ED656 /* LTMarkdownParser.framework */,
				598875761CBEDA31006EE226 /* LTMarkdownParser.framework */,
				F6F4B9FF4A8D2314B6384123 /* Pods_LTMarkdownParser_ExampleAbstract_LTMarkdownParser_Example.framework */,
				749E0C8CB93A5F31BB7A49C6 /* Pods_LTMarkdownParser_ExampleAbstract_LTMarkdownParser_Tests.framework */,
			);
			name = Frameworks;
			sourceTree = "<group>";
		};
/* End PBXGroup section */

/* Begin PBXNativeTarget section */
		607FACCF1AFB9204008FA782 /* LTMarkdownParser_Example */ = {
			isa = PBXNativeTarget;
			buildConfigurationList = 607FACEF1AFB9204008FA782 /* Build configuration list for PBXNativeTarget "LTMarkdownParser_Example" */;
			buildPhases = (
				DDFBE69C204776A7810ADDB7 /* [CP] Check Pods Manifest.lock */,
				607FACCC1AFB9204008FA782 /* Sources */,
				607FACCD1AFB9204008FA782 /* Frameworks */,
				607FACCE1AFB9204008FA782 /* Resources */,
				0F64C2AE2EFF2484FDACFFBF /* [CP] Embed Pods Frameworks */,
				D037765DA5033EA99CDC797A /* [CP] Copy Pods Resources */,
			);
			buildRules = (
			);
			dependencies = (
			);
			name = LTMarkdownParser_Example;
			productName = LTMarkdownParser;
			productReference = 607FACD01AFB9204008FA782 /* LTMarkdownParser_Example.app */;
			productType = "com.apple.product-type.application";
		};
		607FACE41AFB9204008FA782 /* LTMarkdownParser_Tests */ = {
			isa = PBXNativeTarget;
			buildConfigurationList = 607FACF21AFB9204008FA782 /* Build configuration list for PBXNativeTarget "LTMarkdownParser_Tests" */;
			buildPhases = (
				E6EC149A060BB1F537D4E6D6 /* [CP] Check Pods Manifest.lock */,
				607FACE11AFB9204008FA782 /* Sources */,
				607FACE21AFB9204008FA782 /* Frameworks */,
				607FACE31AFB9204008FA782 /* Resources */,
				5C2120D0CFFBEECC2717D902 /* [CP] Embed Pods Frameworks */,
				2FDF6796143EC6739AE2D97F /* [CP] Copy Pods Resources */,
			);
			buildRules = (
			);
			dependencies = (
				607FACE71AFB9204008FA782 /* PBXTargetDependency */,
			);
			name = LTMarkdownParser_Tests;
			productName = Tests;
			productReference = 607FACE51AFB9204008FA782 /* LTMarkdownParser_Tests.xctest */;
			productType = "com.apple.product-type.bundle.unit-test";
		};
/* End PBXNativeTarget section */

/* Begin PBXProject section */
		607FACC81AFB9204008FA782 /* Project object */ = {
			isa = PBXProject;
			attributes = {
				LastSwiftUpdateCheck = 0730;
				LastUpgradeCheck = 0720;
				ORGANIZATIONNAME = CocoaPods;
				TargetAttributes = {
					607FACCF1AFB9204008FA782 = {
						CreatedOnToolsVersion = 6.3.1;
					};
					607FACE41AFB9204008FA782 = {
						CreatedOnToolsVersion = 6.3.1;
						TestTargetID = 607FACCF1AFB9204008FA782;
					};
				};
			};
			buildConfigurationList = 607FACCB1AFB9204008FA782 /* Build configuration list for PBXProject "LTMarkdownParser" */;
			compatibilityVersion = "Xcode 3.2";
			developmentRegion = English;
			hasScannedForEncodings = 0;
			knownRegions = (
				en,
				Base,
			);
			mainGroup = 607FACC71AFB9204008FA782;
			productRefGroup = 607FACD11AFB9204008FA782 /* Products */;
			projectDirPath = "";
			projectRoot = "";
			targets = (
				607FACCF1AFB9204008FA782 /* LTMarkdownParser_Example */,
				607FACE41AFB9204008FA782 /* LTMarkdownParser_Tests */,
			);
		};
/* End PBXProject section */

/* Begin PBXResourcesBuildPhase section */
		607FACCE1AFB9204008FA782 /* Resources */ = {
			isa = PBXResourcesBuildPhase;
			buildActionMask = 2147483647;
			files = (
				607FACDB1AFB9204008FA782 /* Main.storyboard in Resources */,
				5961EE0E1CD3C01E00056ADB /* Images.xcassets in Resources */,
				607FACE01AFB9204008FA782 /* LaunchScreen.xib in Resources */,
				590E00B41CA9C3950069EEA5 /* markdown.png in Resources */,
				590E00B71CA9C39E0069EEA5 /* markdown_test_image.png in Resources */,
				595B67441CD3C081003ED656 /* Default-568h@2x.png in Resources */,
			);
			runOnlyForDeploymentPostprocessing = 0;
		};
		607FACE31AFB9204008FA782 /* Resources */ = {
			isa = PBXResourcesBuildPhase;
			buildActionMask = 2147483647;
			files = (
				590E00B81CA9C39E0069EEA5 /* markdown_test_image.png in Resources */,
				590E00B51CA9C3950069EEA5 /* markdown.png in Resources */,
			);
			runOnlyForDeploymentPostprocessing = 0;
		};
/* End PBXResourcesBuildPhase section */

/* Begin PBXShellScriptBuildPhase section */
		0F64C2AE2EFF2484FDACFFBF /* [CP] Embed Pods Frameworks */ = {
			isa = PBXShellScriptBuildPhase;
			buildActionMask = 2147483647;
			files = (
			);
			inputPaths = (
			);
			name = "[CP] Embed Pods Frameworks";
			outputPaths = (
			);
			runOnlyForDeploymentPostprocessing = 0;
			shellPath = /bin/sh;
			shellScript = "\"${SRCROOT}/Pods/Target Support Files/Pods-LTMarkdownParser_ExampleAbstract-LTMarkdownParser_Example/Pods-LTMarkdownParser_ExampleAbstract-LTMarkdownParser_Example-frameworks.sh\"\n";
			showEnvVarsInLog = 0;
		};
		2FDF6796143EC6739AE2D97F /* [CP] Copy Pods Resources */ = {
			isa = PBXShellScriptBuildPhase;
			buildActionMask = 2147483647;
			files = (
			);
			inputPaths = (
			);
			name = "[CP] Copy Pods Resources";
			outputPaths = (
			);
			runOnlyForDeploymentPostprocessing = 0;
			shellPath = /bin/sh;
			shellScript = "\"${SRCROOT}/Pods/Target Support Files/Pods-LTMarkdownParser_ExampleAbstract-LTMarkdownParser_Tests/Pods-LTMarkdownParser_ExampleAbstract-LTMarkdownParser_Tests-resources.sh\"\n";
			showEnvVarsInLog = 0;
		};
		5C2120D0CFFBEECC2717D902 /* [CP] Embed Pods Frameworks */ = {
			isa = PBXShellScriptBuildPhase;
			buildActionMask = 2147483647;
			files = (
			);
			inputPaths = (
			);
			name = "[CP] Embed Pods Frameworks";
			outputPaths = (
			);
			runOnlyForDeploymentPostprocessing = 0;
			shellPath = /bin/sh;
			shellScript = "\"${SRCROOT}/Pods/Target Support Files/Pods-LTMarkdownParser_ExampleAbstract-LTMarkdownParser_Tests/Pods-LTMarkdownParser_ExampleAbstract-LTMarkdownParser_Tests-frameworks.sh\"\n";
			showEnvVarsInLog = 0;
		};
		D037765DA5033EA99CDC797A /* [CP] Copy Pods Resources */ = {
			isa = PBXShellScriptBuildPhase;
			buildActionMask = 2147483647;
			files = (
			);
			inputPaths = (
			);
			name = "[CP] Copy Pods Resources";
			outputPaths = (
			);
			runOnlyForDeploymentPostprocessing = 0;
			shellPath = /bin/sh;
			shellScript = "\"${SRCROOT}/Pods/Target Support Files/Pods-LTMarkdownParser_ExampleAbstract-LTMarkdownParser_Example/Pods-LTMarkdownParser_ExampleAbstract-LTMarkdownParser_Example-resources.sh\"\n";
			showEnvVarsInLog = 0;
		};
		DDFBE69C204776A7810ADDB7 /* [CP] Check Pods Manifest.lock */ = {
			isa = PBXShellScriptBuildPhase;
			buildActionMask = 2147483647;
			files = (
			);
			inputPaths = (
			);
			name = "[CP] Check Pods Manifest.lock";
			outputPaths = (
			);
			runOnlyForDeploymentPostprocessing = 0;
			shellPath = /bin/sh;
			shellScript = "diff \"${PODS_ROOT}/../Podfile.lock\" \"${PODS_ROOT}/Manifest.lock\" > /dev/null\nif [ $? != 0 ] ; then\n    # print error to STDERR\n    echo \"error: The sandbox is not in sync with the Podfile.lock. Run 'pod install' or update your CocoaPods installation.\" >&2\n    exit 1\nfi\n";
			showEnvVarsInLog = 0;
		};
		E6EC149A060BB1F537D4E6D6 /* [CP] Check Pods Manifest.lock */ = {
			isa = PBXShellScriptBuildPhase;
			buildActionMask = 2147483647;
			files = (
			);
			inputPaths = (
			);
			name = "[CP] Check Pods Manifest.lock";
			outputPaths = (
			);
			runOnlyForDeploymentPostprocessing = 0;
			shellPath = /bin/sh;
			shellScript = "diff \"${PODS_ROOT}/../Podfile.lock\" \"${PODS_ROOT}/Manifest.lock\" > /dev/null\nif [ $? != 0 ] ; then\n    # print error to STDERR\n    echo \"error: The sandbox is not in sync with the Podfile.lock. Run 'pod install' or update your CocoaPods installation.\" >&2\n    exit 1\nfi\n";
			showEnvVarsInLog = 0;
		};
/* End PBXShellScriptBuildPhase section */

/* Begin PBXSourcesBuildPhase section */
		607FACCC1AFB9204008FA782 /* Sources */ = {
			isa = PBXSourcesBuildPhase;
			buildActionMask = 2147483647;
			files = (
				5961EE0D1CD3C01E00056ADB /* AppDelegate.swift in Sources */,
				5961EE0F1CD3C01E00056ADB /* TextViewController.swift in Sources */,
			);
			runOnlyForDeploymentPostprocessing = 0;
		};
		607FACE11AFB9204008FA782 /* Sources */ = {
			isa = PBXSourcesBuildPhase;
			buildActionMask = 2147483647;
			files = (
				59BE00F91CBEDBCF0053D12D /* NSAttributedString+MarkdownTests.swift in Sources */,
				590B8BD21CA5A10F00890A98 /* LTMarkdownParserTests.swift in Sources */,
			);
			runOnlyForDeploymentPostprocessing = 0;
		};
/* End PBXSourcesBuildPhase section */

/* Begin PBXTargetDependency section */
		607FACE71AFB9204008FA782 /* PBXTargetDependency */ = {
			isa = PBXTargetDependency;
			target = 607FACCF1AFB9204008FA782 /* LTMarkdownParser_Example */;
			targetProxy = 607FACE61AFB9204008FA782 /* PBXContainerItemProxy */;
		};
/* End PBXTargetDependency section */

/* Begin PBXVariantGroup section */
		607FACD91AFB9204008FA782 /* Main.storyboard */ = {
			isa = PBXVariantGroup;
			children = (
				607FACDA1AFB9204008FA782 /* Base */,
			);
			name = Main.storyboard;
			sourceTree = "<group>";
		};
		607FACDE1AFB9204008FA782 /* LaunchScreen.xib */ = {
			isa = PBXVariantGroup;
			children = (
				607FACDF1AFB9204008FA782 /* Base */,
			);
			name = LaunchScreen.xib;
			sourceTree = "<group>";
		};
/* End PBXVariantGroup section */

/* Begin XCBuildConfiguration section */
		607FACED1AFB9204008FA782 /* Debug */ = {
			isa = XCBuildConfiguration;
			buildSettings = {
				ALWAYS_SEARCH_USER_PATHS = NO;
				CLANG_CXX_LANGUAGE_STANDARD = "gnu++0x";
				CLANG_CXX_LIBRARY = "libc++";
				CLANG_ENABLE_MODULES = YES;
				CLANG_ENABLE_OBJC_ARC = YES;
				CLANG_WARN_BOOL_CONVERSION = YES;
				CLANG_WARN_CONSTANT_CONVERSION = YES;
				CLANG_WARN_DIRECT_OBJC_ISA_USAGE = YES_ERROR;
				CLANG_WARN_EMPTY_BODY = YES;
				CLANG_WARN_ENUM_CONVERSION = YES;
				CLANG_WARN_INT_CONVERSION = YES;
				CLANG_WARN_OBJC_ROOT_CLASS = YES_ERROR;
				CLANG_WARN_UNREACHABLE_CODE = YES;
				CLANG_WARN__DUPLICATE_METHOD_MATCH = YES;
				"CODE_SIGN_IDENTITY[sdk=iphoneos*]" = "iPhone Developer";
				COPY_PHASE_STRIP = NO;
				DEBUG_INFORMATION_FORMAT = "dwarf-with-dsym";
				ENABLE_STRICT_OBJC_MSGSEND = YES;
				ENABLE_TESTABILITY = YES;
				GCC_C_LANGUAGE_STANDARD = gnu99;
				GCC_DYNAMIC_NO_PIC = NO;
				GCC_NO_COMMON_BLOCKS = YES;
				GCC_OPTIMIZATION_LEVEL = 0;
				GCC_PREPROCESSOR_DEFINITIONS = (
					"DEBUG=1",
					"$(inherited)",
				);
				GCC_SYMBOLS_PRIVATE_EXTERN = NO;
				GCC_WARN_64_TO_32_BIT_CONVERSION = YES;
				GCC_WARN_ABOUT_RETURN_TYPE = YES_ERROR;
				GCC_WARN_UNDECLARED_SELECTOR = YES;
				GCC_WARN_UNINITIALIZED_AUTOS = YES_AGGRESSIVE;
				GCC_WARN_UNUSED_FUNCTION = YES;
				GCC_WARN_UNUSED_VARIABLE = YES;
				IPHONEOS_DEPLOYMENT_TARGET = 8.3;
				MTL_ENABLE_DEBUG_INFO = YES;
				ONLY_ACTIVE_ARCH = YES;
				SDKROOT = iphoneos;
				SWIFT_OPTIMIZATION_LEVEL = "-Onone";
			};
			name = Debug;
		};
		607FACEE1AFB9204008FA782 /* Release */ = {
			isa = XCBuildConfiguration;
			buildSettings = {
				ALWAYS_SEARCH_USER_PATHS = NO;
				CLANG_CXX_LANGUAGE_STANDARD = "gnu++0x";
				CLANG_CXX_LIBRARY = "libc++";
				CLANG_ENABLE_MODULES = YES;
				CLANG_ENABLE_OBJC_ARC = YES;
				CLANG_WARN_BOOL_CONVERSION = YES;
				CLANG_WARN_CONSTANT_CONVERSION = YES;
				CLANG_WARN_DIRECT_OBJC_ISA_USAGE = YES_ERROR;
				CLANG_WARN_EMPTY_BODY = YES;
				CLANG_WARN_ENUM_CONVERSION = YES;
				CLANG_WARN_INT_CONVERSION = YES;
				CLANG_WARN_OBJC_ROOT_CLASS = YES_ERROR;
				CLANG_WARN_UNREACHABLE_CODE = YES;
				CLANG_WARN__DUPLICATE_METHOD_MATCH = YES;
				"CODE_SIGN_IDENTITY[sdk=iphoneos*]" = "iPhone Developer";
				COPY_PHASE_STRIP = NO;
				DEBUG_INFORMATION_FORMAT = "dwarf-with-dsym";
				ENABLE_NS_ASSERTIONS = NO;
				ENABLE_STRICT_OBJC_MSGSEND = YES;
				GCC_C_LANGUAGE_STANDARD = gnu99;
				GCC_NO_COMMON_BLOCKS = YES;
				GCC_WARN_64_TO_32_BIT_CONVERSION = YES;
				GCC_WARN_ABOUT_RETURN_TYPE = YES_ERROR;
				GCC_WARN_UNDECLARED_SELECTOR = YES;
				GCC_WARN_UNINITIALIZED_AUTOS = YES_AGGRESSIVE;
				GCC_WARN_UNUSED_FUNCTION = YES;
				GCC_WARN_UNUSED_VARIABLE = YES;
				IPHONEOS_DEPLOYMENT_TARGET = 8.3;
				MTL_ENABLE_DEBUG_INFO = NO;
				SDKROOT = iphoneos;
				VALIDATE_PRODUCT = YES;
			};
			name = Release;
		};
		607FACF01AFB9204008FA782 /* Debug */ = {
			isa = XCBuildConfiguration;
			baseConfigurationReference = A22A2DAF5EBD6D2D21F42F50 /* Pods-LTMarkdownParser_ExampleAbstract-LTMarkdownParser_Example.debug.xcconfig */;
			buildSettings = {
				ASSETCATALOG_COMPILER_APPICON_NAME = AppIcon;
				CLANG_ENABLE_MODULES = YES;
				INFOPLIST_FILE = LTMarkdownParser/Info.plist;
				LD_RUNPATH_SEARCH_PATHS = "$(inherited) @executable_path/Frameworks";
				MODULE_NAME = ExampleApp;
				PRODUCT_BUNDLE_IDENTIFIER = "org.cocoapods.demo.$(PRODUCT_NAME:rfc1034identifier)";
				PRODUCT_NAME = "$(TARGET_NAME)";
				SWIFT_OPTIMIZATION_LEVEL = "-Onone";
				TARGETED_DEVICE_FAMILY = "1,2";
			};
			name = Debug;
		};
		607FACF11AFB9204008FA782 /* Release */ = {
			isa = XCBuildConfiguration;
			baseConfigurationReference = C3E15AC3A7324500C788CEFA /* Pods-LTMarkdownParser_ExampleAbstract-LTMarkdownParser_Example.release.xcconfig */;
			buildSettings = {
				ASSETCATALOG_COMPILER_APPICON_NAME = AppIcon;
				CLANG_ENABLE_MODULES = YES;
				INFOPLIST_FILE = LTMarkdownParser/Info.plist;
				LD_RUNPATH_SEARCH_PATHS = "$(inherited) @executable_path/Frameworks";
				MODULE_NAME = ExampleApp;
				PRODUCT_BUNDLE_IDENTIFIER = "org.cocoapods.demo.$(PRODUCT_NAME:rfc1034identifier)";
				PRODUCT_NAME = "$(TARGET_NAME)";
				TARGETED_DEVICE_FAMILY = "1,2";
			};
			name = Release;
		};
		607FACF31AFB9204008FA782 /* Debug */ = {
			isa = XCBuildConfiguration;
			baseConfigurationReference = CBE65C1B9B8D8DA490310D7F /* Pods-LTMarkdownParser_ExampleAbstract-LTMarkdownParser_Tests.debug.xcconfig */;
			buildSettings = {
				BUNDLE_LOADER = "$(TEST_HOST)";
				CLANG_ENABLE_MODULES = YES;
				GCC_PREPROCESSOR_DEFINITIONS = (
					"DEBUG=1",
					"$(inherited)",
				);
				INFOPLIST_FILE = Tests/Info.plist;
				LD_RUNPATH_SEARCH_PATHS = "$(inherited) @executable_path/Frameworks @loader_path/Frameworks";
				PRODUCT_BUNDLE_IDENTIFIER = "org.cocoapods.$(PRODUCT_NAME:rfc1034identifier)";
				PRODUCT_NAME = "$(TARGET_NAME)";
				SWIFT_OPTIMIZATION_LEVEL = "-Onone";
				TEST_HOST = "$(BUILT_PRODUCTS_DIR)/LTMarkdownParser_Example.app/LTMarkdownParser_Example";
			};
			name = Debug;
		};
		607FACF41AFB9204008FA782 /* Release */ = {
			isa = XCBuildConfiguration;
			baseConfigurationReference = 9F39E569853E11CC764AEAB7 /* Pods-LTMarkdownParser_ExampleAbstract-LTMarkdownParser_Tests.release.xcconfig */;
			buildSettings = {
				BUNDLE_LOADER = "$(TEST_HOST)";
				CLANG_ENABLE_MODULES = YES;
				INFOPLIST_FILE = Tests/Info.plist;
				LD_RUNPATH_SEARCH_PATHS = "$(inherited) @executable_path/Frameworks @loader_path/Frameworks";
				PRODUCT_BUNDLE_IDENTIFIER = "org.cocoapods.$(PRODUCT_NAME:rfc1034identifier)";
				PRODUCT_NAME = "$(TARGET_NAME)";
				TEST_HOST = "$(BUILT_PRODUCTS_DIR)/LTMarkdownParser_Example.app/LTMarkdownParser_Example";
			};
			name = Release;
		};
/* End XCBuildConfiguration section */

/* Begin XCConfigurationList section */
		607FACCB1AFB9204008FA782 /* Build configuration list for PBXProject "LTMarkdownParser" */ = {
			isa = XCConfigurationList;
			buildConfigurations = (
				607FACED1AFB9204008FA782 /* Debug */,
				607FACEE1AFB9204008FA782 /* Release */,
			);
			defaultConfigurationIsVisible = 0;
			defaultConfigurationName = Release;
		};
		607FACEF1AFB9204008FA782 /* Build configuration list for PBXNativeTarget "LTMarkdownParser_Example" */ = {
			isa = XCConfigurationList;
			buildConfigurations = (
				607FACF01AFB9204008FA782 /* Debug */,
				607FACF11AFB9204008FA782 /* Release */,
			);
			defaultConfigurationIsVisible = 0;
			defaultConfigurationName = Release;
		};
		607FACF21AFB9204008FA782 /* Build configuration list for PBXNativeTarget "LTMarkdownParser_Tests" */ = {
			isa = XCConfigurationList;
			buildConfigurations = (
				607FACF31AFB9204008FA782 /* Debug */,
				607FACF41AFB9204008FA782 /* Release */,
			);
			defaultConfigurationIsVisible = 0;
			defaultConfigurationName = Release;
		};
/* End XCConfigurationList section */
	};
	rootObject = 607FACC81AFB9204008FA782 /* Project object */;
}
